
Microsoft Visual Studio Solution File, Format Version 12.00
# Visual Studio 15
VisualStudioVersion = 15.0.26730.10
MinimumVisualStudioVersion = 10.0.40219.1
Project("{FAE04EC0-301F-11D3-BF4B-00C04F79EFBC}") = "GameEngine", "GameEngine\GameEngine.csproj", "{4C277B8D-FE7B-40CA-9D01-BDBA8DC39D87}"
EndProject
Project("{FAE04EC0-301F-11D3-BF4B-00C04F79EFBC}") = "Lab01", "Lab01\Lab01.csproj", "{8268AD56-B56C-459E-AA67-E6C32190BE0C}"
EndProject
Project("{FAE04EC0-301F-11D3-BF4B-00C04F79EFBC}") = "Lab02", "Lab02\Lab02.csproj", "{D81A0C39-7975-48DF-BA1E-16D9DBA10C7E}"
	ProjectSection(ProjectDependencies) = postProject
		{4C277B8D-FE7B-40CA-9D01-BDBA8DC39D87} = {4C277B8D-FE7B-40CA-9D01-BDBA8DC39D87}
	EndProjectSection
EndProject
Project("{FAE04EC0-301F-11D3-BF4B-00C04F79EFBC}") = "Lab03", "Lab03\Lab03.csproj", "{D08A36BE-BCBC-497A-A62D-5211E4DD4F5D}"
EndProject
Project("{FAE04EC0-301F-11D3-BF4B-00C04F79EFBC}") = "Assignment1", "Assignment1\Assignment1.csproj", "{B111BDEE-D398-464E-9666-2FC40AA54215}"
EndProject
Project("{FAE04EC0-301F-11D3-BF4B-00C04F79EFBC}") = "Lab05", "Lab05\Lab05.csproj", "{07AFA074-126E-4349-B22F-DEC95FC72FCE}"
EndProject
Project("{FAE04EC0-301F-11D3-BF4B-00C04F79EFBC}") = "Lab06", "Lab06\Lab06.csproj", "{77098E52-A14B-4A08-A9D1-CACF13511E97}"
EndProject
Project("{FAE04EC0-301F-11D3-BF4B-00C04F79EFBC}") = "Lab04", "Lab04\Lab04.csproj", "{07F3680E-A887-4A02-AA25-7154B5A0F13B}"
EndProject
Project("{FAE04EC0-301F-11D3-BF4B-00C04F79EFBC}") = "Assn2", "Assn2\Assn2.csproj", "{3387C272-81AF-4369-89A2-9A61834EBA40}"
EndProject
Project("{FAE04EC0-301F-11D3-BF4B-00C04F79EFBC}") = "Lab07", "Lab07\Lab07.csproj", "{84C6DE23-5BE7-47ED-B1FE-428364F9F427}"
EndProject
Project("{FAE04EC0-301F-11D3-BF4B-00C04F79EFBC}") = "Lab08", "Lab08\Lab08.csproj", "{B0C16959-66C1-45A4-9B14-BC191F7A6762}"
EndProject
Project("{FAE04EC0-301F-11D3-BF4B-00C04F79EFBC}") = "Assignment3", "Assignment3\Assignment3.csproj", "{BEB5A3BF-430E-4A6C-BDD4-23EE654F8C94}"
EndProject
Project("{FAE04EC0-301F-11D3-BF4B-00C04F79EFBC}") = "Lab09", "Lab09\Lab09.csproj", "{4FA8C657-C44B-42D0-81C0-4F2BE028B43C}"
EndProject
Project("{FAE04EC0-301F-11D3-BF4B-00C04F79EFBC}") = "Assignment4", "Assignment4\Assignment4.csproj", "{2B926836-20E1-40E8-B8E8-D92ADB6AA799}"
EndProject
Project("{FAE04EC0-301F-11D3-BF4B-00C04F79EFBC}") = "Lab10", "Lab10\Lab10.csproj", "{662F67D0-F690-479B-8861-FD8D74C162D9}"
EndProject
Project("{FAE04EC0-301F-11D3-BF4B-00C04F79EFBC}") = "FinalProject", "FinalProject\FinalProject.csproj", "{B197EAC3-6505-420D-A077-2F297EE9831B}"
EndProject
Project("{FAE04EC0-301F-11D3-BF4B-00C04F79EFBC}") = "Lab11", "Lab11\Lab11.csproj", "{91CDB522-AA82-4758-A562-EC609AD7ABA6}"
EndProject
Project("{FAE04EC0-301F-11D3-BF4B-00C04F79EFBC}") = "Assignment5", "Assignment5\Assignment5.csproj", "{A98A0413-69C3-4237-B6CF-CAA314A6B122}"
EndProject
Global
	GlobalSection(SolutionConfigurationPlatforms) = preSolution
		Debug|x86 = Debug|x86
		Release|x86 = Release|x86
	EndGlobalSection
	GlobalSection(ProjectConfigurationPlatforms) = postSolution
		{4C277B8D-FE7B-40CA-9D01-BDBA8DC39D87}.Debug|x86.ActiveCfg = Debug|x86
		{4C277B8D-FE7B-40CA-9D01-BDBA8DC39D87}.Debug|x86.Build.0 = Debug|x86
		{4C277B8D-FE7B-40CA-9D01-BDBA8DC39D87}.Release|x86.ActiveCfg = Release|x86
		{4C277B8D-FE7B-40CA-9D01-BDBA8DC39D87}.Release|x86.Build.0 = Release|x86
		{8268AD56-B56C-459E-AA67-E6C32190BE0C}.Debug|x86.ActiveCfg = Debug|x86
		{8268AD56-B56C-459E-AA67-E6C32190BE0C}.Debug|x86.Build.0 = Debug|x86
		{8268AD56-B56C-459E-AA67-E6C32190BE0C}.Release|x86.ActiveCfg = Release|x86
		{8268AD56-B56C-459E-AA67-E6C32190BE0C}.Release|x86.Build.0 = Release|x86
		{D81A0C39-7975-48DF-BA1E-16D9DBA10C7E}.Debug|x86.ActiveCfg = Debug|x86
		{D81A0C39-7975-48DF-BA1E-16D9DBA10C7E}.Debug|x86.Build.0 = Debug|x86
		{D81A0C39-7975-48DF-BA1E-16D9DBA10C7E}.Release|x86.ActiveCfg = Release|x86
		{D81A0C39-7975-48DF-BA1E-16D9DBA10C7E}.Release|x86.Build.0 = Release|x86
		{D08A36BE-BCBC-497A-A62D-5211E4DD4F5D}.Debug|x86.ActiveCfg = Debug|x86
		{D08A36BE-BCBC-497A-A62D-5211E4DD4F5D}.Debug|x86.Build.0 = Debug|x86
		{D08A36BE-BCBC-497A-A62D-5211E4DD4F5D}.Release|x86.ActiveCfg = Release|x86
		{D08A36BE-BCBC-497A-A62D-5211E4DD4F5D}.Release|x86.Build.0 = Release|x86
		{B111BDEE-D398-464E-9666-2FC40AA54215}.Debug|x86.ActiveCfg = Debug|x86
		{B111BDEE-D398-464E-9666-2FC40AA54215}.Debug|x86.Build.0 = Debug|x86
		{B111BDEE-D398-464E-9666-2FC40AA54215}.Release|x86.ActiveCfg = Release|x86
		{B111BDEE-D398-464E-9666-2FC40AA54215}.Release|x86.Build.0 = Release|x86
		{07AFA074-126E-4349-B22F-DEC95FC72FCE}.Debug|x86.ActiveCfg = Debug|x86
		{07AFA074-126E-4349-B22F-DEC95FC72FCE}.Debug|x86.Build.0 = Debug|x86
		{07AFA074-126E-4349-B22F-DEC95FC72FCE}.Release|x86.ActiveCfg = Release|x86
		{07AFA074-126E-4349-B22F-DEC95FC72FCE}.Release|x86.Build.0 = Release|x86
		{77098E52-A14B-4A08-A9D1-CACF13511E97}.Debug|x86.ActiveCfg = Debug|x86
		{77098E52-A14B-4A08-A9D1-CACF13511E97}.Debug|x86.Build.0 = Debug|x86
		{77098E52-A14B-4A08-A9D1-CACF13511E97}.Release|x86.ActiveCfg = Release|x86
		{77098E52-A14B-4A08-A9D1-CACF13511E97}.Release|x86.Build.0 = Release|x86
		{07F3680E-A887-4A02-AA25-7154B5A0F13B}.Debug|x86.ActiveCfg = Debug|x86
		{07F3680E-A887-4A02-AA25-7154B5A0F13B}.Debug|x86.Build.0 = Debug|x86
		{07F3680E-A887-4A02-AA25-7154B5A0F13B}.Release|x86.ActiveCfg = Release|x86
		{07F3680E-A887-4A02-AA25-7154B5A0F13B}.Release|x86.Build.0 = Release|x86
		{3387C272-81AF-4369-89A2-9A61834EBA40}.Debug|x86.ActiveCfg = Debug|x86
		{3387C272-81AF-4369-89A2-9A61834EBA40}.Debug|x86.Build.0 = Debug|x86
		{3387C272-81AF-4369-89A2-9A61834EBA40}.Release|x86.ActiveCfg = Release|x86
		{3387C272-81AF-4369-89A2-9A61834EBA40}.Release|x86.Build.0 = Release|x86
		{84C6DE23-5BE7-47ED-B1FE-428364F9F427}.Debug|x86.ActiveCfg = Debug|x86
		{84C6DE23-5BE7-47ED-B1FE-428364F9F427}.Debug|x86.Build.0 = Debug|x86
		{84C6DE23-5BE7-47ED-B1FE-428364F9F427}.Release|x86.ActiveCfg = Release|x86
		{84C6DE23-5BE7-47ED-B1FE-428364F9F427}.Release|x86.Build.0 = Release|x86
		{B0C16959-66C1-45A4-9B14-BC191F7A6762}.Debug|x86.ActiveCfg = Debug|x86
		{B0C16959-66C1-45A4-9B14-BC191F7A6762}.Debug|x86.Build.0 = Debug|x86
		{B0C16959-66C1-45A4-9B14-BC191F7A6762}.Release|x86.ActiveCfg = Release|x86
		{B0C16959-66C1-45A4-9B14-BC191F7A6762}.Release|x86.Build.0 = Release|x86
		{BEB5A3BF-430E-4A6C-BDD4-23EE654F8C94}.Debug|x86.ActiveCfg = Debug|x86
		{BEB5A3BF-430E-4A6C-BDD4-23EE654F8C94}.Debug|x86.Build.0 = Debug|x86
		{BEB5A3BF-430E-4A6C-BDD4-23EE654F8C94}.Release|x86.ActiveCfg = Release|x86
		{BEB5A3BF-430E-4A6C-BDD4-23EE654F8C94}.Release|x86.Build.0 = Release|x86
		{4FA8C657-C44B-42D0-81C0-4F2BE028B43C}.Debug|x86.ActiveCfg = Debug|x86
		{4FA8C657-C44B-42D0-81C0-4F2BE028B43C}.Debug|x86.Build.0 = Debug|x86
		{4FA8C657-C44B-42D0-81C0-4F2BE028B43C}.Release|x86.ActiveCfg = Release|x86
		{4FA8C657-C44B-42D0-81C0-4F2BE028B43C}.Release|x86.Build.0 = Release|x86
		{2B926836-20E1-40E8-B8E8-D92ADB6AA799}.Debug|x86.ActiveCfg = Debug|x86
		{2B926836-20E1-40E8-B8E8-D92ADB6AA799}.Debug|x86.Build.0 = Debug|x86
		{2B926836-20E1-40E8-B8E8-D92ADB6AA799}.Release|x86.ActiveCfg = Release|x86
		{2B926836-20E1-40E8-B8E8-D92ADB6AA799}.Release|x86.Build.0 = Release|x86
		{662F67D0-F690-479B-8861-FD8D74C162D9}.Debug|x86.ActiveCfg = Debug|x86
		{662F67D0-F690-479B-8861-FD8D74C162D9}.Debug|x86.Build.0 = Debug|x86
		{662F67D0-F690-479B-8861-FD8D74C162D9}.Release|x86.ActiveCfg = Release|x86
		{662F67D0-F690-479B-8861-FD8D74C162D9}.Release|x86.Build.0 = Release|x86
		{B197EAC3-6505-420D-A077-2F297EE9831B}.Debug|x86.ActiveCfg = Debug|x86
		{B197EAC3-6505-420D-A077-2F297EE9831B}.Debug|x86.Build.0 = Debug|x86
		{B197EAC3-6505-420D-A077-2F297EE9831B}.Release|x86.ActiveCfg = Release|x86
		{B197EAC3-6505-420D-A077-2F297EE9831B}.Release|x86.Build.0 = Release|x86
		{91CDB522-AA82-4758-A562-EC609AD7ABA6}.Debug|x86.ActiveCfg = Debug|x86
		{91CDB522-AA82-4758-A562-EC609AD7ABA6}.Debug|x86.Build.0 = Debug|x86
		{91CDB522-AA82-4758-A562-EC609AD7ABA6}.Release|x86.ActiveCfg = Release|x86
		{91CDB522-AA82-4758-A562-EC609AD7ABA6}.Release|x86.Build.0 = Release|x86
		{A98A0413-69C3-4237-B6CF-CAA314A6B122}.Debug|x86.ActiveCfg = Debug|x86
		{A98A0413-69C3-4237-B6CF-CAA314A6B122}.Debug|x86.Build.0 = Debug|x86
		{A98A0413-69C3-4237-B6CF-CAA314A6B122}.Release|x86.ActiveCfg = Release|x86
		{A98A0413-69C3-4237-B6CF-CAA314A6B122}.Release|x86.Build.0 = Release|x86
	EndGlobalSection
	GlobalSection(SolutionProperties) = preSolution
		HideSolutionNode = FALSE
	EndGlobalSection
	GlobalSection(ExtensibilityGlobals) = postSolution
		SolutionGuid = {38C0507D-AD46-45D1-AC58-7F1F794DB7B5}
	EndGlobalSection
EndGlobal
